
Microsoft Visual Studio Solution File, Format Version 12.00
# Visual Studio Version 16
VisualStudioVersion = 16.0.32126.315
MinimumVisualStudioVersion = 10.0.40219.1
Project("{FAE04EC0-301F-11D3-BF4B-00C04F79EFBC}") = "pipeline", "pipeline.csproj", "{29F58F82-FC2D-4C72-885B-A971F7D085AF}"
EndProject
Global
	GlobalSection(SolutionConfigurationPlatforms) = preSolution
		Debug|Any CPU = Debug|Any CPU
		Release|Any CPU = Release|Any CPU
	EndGlobalSection
	GlobalSection(ProjectConfigurationPlatforms) = postSolution
		{29F58F82-FC2D-4C72-885B-A971F7D085AF}.Debug|Any CPU.ActiveCfg = Debug|Any CPU
		{29F58F82-FC2D-4C72-885B-A971F7D085AF}.Debug|Any CPU.Build.0 = Debug|Any CPU
		{29F58F82-FC2D-4C72-885B-A971F7D085AF}.Release|Any CPU.ActiveCfg = Release|Any CPU
		{29F58F82-FC2D-4C72-885B-A971F7D085AF}.Release|Any CPU.Build.0 = Release|Any CPU
	EndGlobalSection
	GlobalSection(SolutionProperties) = preSolution
		HideSolutionNode = FALSE
	EndGlobalSection
	GlobalSection(ExtensibilityGlobals) = postSolution
		SolutionGuid = {1B365868-7A1D-4A87-927F-26F2AD5A39A8}
	EndGlobalSection
EndGlobal
